Microsoft Visual Studio Solution File, Format Version 12.00
# Visual Studio Version 17
VisualStudioVersion = 17.5.2.0
MinimumVisualStudioVersion = 10.0.40219.1
Project("{FAE04EC0-301F-11D3-BF4B-00C04F79EFBC}") = "IrrigationSystem.Worker", "IrrigationSystem.Worker.csproj", "{C7C98959-B937-7BB6-C8EA-4B0D70F145BA}"
EndProject
Global
	GlobalSection(SolutionConfigurationPlatforms) = preSolution
		Debug|Any CPU = Debug|Any CPU
		Release|Any CPU = Release|Any CPU
	EndGlobalSection
	GlobalSection(ProjectConfigurationPlatforms) = postSolution
		{C7C98959-B937-7BB6-C8EA-4B0D70F145BA}.Debug|Any CPU.ActiveCfg = Debug|Any CPU
		{C7C98959-B937-7BB6-C8EA-4B0D70F145BA}.Debug|Any CPU.Build.0 = Debug|Any CPU
		{C7C98959-B937-7BB6-C8EA-4B0D70F145BA}.Release|Any CPU.ActiveCfg = Release|Any CPU
		{C7C98959-B937-7BB6-C8EA-4B0D70F145BA}.Release|Any CPU.Build.0 = Release|Any CPU
	EndGlobalSection
	GlobalSection(SolutionProperties) = preSolution
		HideSolutionNode = FALSE
	EndGlobalSection
	GlobalSection(ExtensibilityGlobals) = postSolution
		SolutionGuid = {8A103AE0-6867-4F94-971D-80A1BCDB72FE}
	EndGlobalSection
EndGlobal
